
Microsoft Visual Studio Solution File, Format Version 12.00
# Visual Studio Version 17
VisualStudioVersion = 17.9.34607.119
MinimumVisualStudioVersion = 10.0.40219.1
Project("{FAE04EC0-301F-11D3-BF4B-00C04F79EFBC}") = "6_crypto_4_server1", "6_crypto_4_server1\6_crypto_4_server1.csproj", "{48788ADE-8263-441B-B512-EB2DFE9C8C34}"
EndProject
Global
	GlobalSection(SolutionConfigurationPlatforms) = preSolution
		Debug|Any CPU = Debug|Any CPU
		Release|Any CPU = Release|Any CPU
	EndGlobalSection
	GlobalSection(ProjectConfigurationPlatforms) = postSolution
		{48788ADE-8263-441B-B512-EB2DFE9C8C34}.Debug|Any CPU.ActiveCfg = Debug|Any CPU
		{48788ADE-8263-441B-B512-EB2DFE9C8C34}.Debug|Any CPU.Build.0 = Debug|Any CPU
		{48788ADE-8263-441B-B512-EB2DFE9C8C34}.Release|Any CPU.ActiveCfg = Release|Any CPU
		{48788ADE-8263-441B-B512-EB2DFE9C8C34}.Release|Any CPU.Build.0 = Release|Any CPU
	EndGlobalSection
	GlobalSection(SolutionProperties) = preSolution
		HideSolutionNode = FALSE
	EndGlobalSection
	GlobalSection(ExtensibilityGlobals) = postSolution
		SolutionGuid = {332A132A-B641-4FDD-A57E-2AE626252240}
	EndGlobalSection
EndGlobal
